
Microsoft Visual Studio Solution File, Format Version 12.00
# Visual Studio Version 17
VisualStudioVersion = 17.7.34221.43
MinimumVisualStudioVersion = 10.0.40219.1
Project("{FAE04EC0-301F-11D3-BF4B-00C04F79EFBC}") = "Practica 19", "Practica 19.csproj", "{AB7BA94C-6A55-4B56-8300-03B993F5617C}"
EndProject
Global
	GlobalSection(SolutionConfigurationPlatforms) = preSolution
		Debug|Any CPU = Debug|Any CPU
		Release|Any CPU = Release|Any CPU
	EndGlobalSection
	GlobalSection(ProjectConfigurationPlatforms) = postSolution
		{AB7BA94C-6A55-4B56-8300-03B993F5617C}.Debug|Any CPU.ActiveCfg = Debug|Any CPU
		{AB7BA94C-6A55-4B56-8300-03B993F5617C}.Debug|Any CPU.Build.0 = Debug|Any CPU
		{AB7BA94C-6A55-4B56-8300-03B993F5617C}.Release|Any CPU.ActiveCfg = Release|Any CPU
		{AB7BA94C-6A55-4B56-8300-03B993F5617C}.Release|Any CPU.Build.0 = Release|Any CPU
	EndGlobalSection
	GlobalSection(SolutionProperties) = preSolution
		HideSolutionNode = FALSE
	EndGlobalSection
	GlobalSection(ExtensibilityGlobals) = postSolution
		SolutionGuid = {C3A95EC2-DAAE-4D2F-B4A6-F0EF665334E8}
	EndGlobalSection
EndGlobal
